
Microsoft Visual Studio Solution File, Format Version 12.00
# Visual Studio Version 16
VisualStudioVersion = 16.0.30204.135
MinimumVisualStudioVersion = 10.0.40219.1
Project("{9A19103F-16F7-4668-BE54-9A1E7A4F7556}") = "CannedBytes.Midi", "CannedBytes.Midi\CannedBytes.Midi.csproj", "{2A755B1A-CE99-41CA-9B4C-3E6AC6DA9847}"
EndProject
Project("{9A19103F-16F7-4668-BE54-9A1E7A4F7556}") = "CannedBytes.Midi.Components", "CannedBytes.Midi.Components\CannedBytes.Midi.Components.csproj", "{49CC36D7-45AB-421D-A3E4-44A094104BA5}"
EndProject
Project("{9A19103F-16F7-4668-BE54-9A1E7A4F7556}") = "CannedBytes.Midi.Message", "CannedBytes.Midi.Message\CannedBytes.Midi.Message.csproj", "{2EA4C2C6-0B1A-4D37-9BD9-46B7A25AAB03}"
EndProject
Project("{9A19103F-16F7-4668-BE54-9A1E7A4F7556}") = "CannedBytes.Midi.IO", "CannedBytes.Midi.IO\CannedBytes.Midi.IO.csproj", "{60D748AA-E51A-4F2F-A709-09911ED20209}"
EndProject
Project("{9A19103F-16F7-4668-BE54-9A1E7A4F7556}") = "CannedBytes.Midi.Xml", "CannedBytes.Midi.Xml\CannedBytes.Midi.Xml.csproj", "{2735C85B-F03A-4CCE-AC7F-371CC82C327A}"
EndProject
Project("{9A19103F-16F7-4668-BE54-9A1E7A4F7556}") = "CannedBytes.Midi.UnitTests", "CannedBytes.Midi.UnitTests\CannedBytes.Midi.UnitTests.csproj", "{04364081-C48D-4AB7-B57E-0392768486ED}"
EndProject
Project("{2150E333-8FDC-42A3-9474-1A3956D46DE8}") = "Build", "Build", "{D69D4722-B299-4195-8430-EF5DE537A12A}"
	ProjectSection(SolutionItems) = preProject
		push-nuget.cmd = push-nuget.cmd
		push-test.cmd = push-test.cmd
	EndProjectSection
EndProject
Global
	GlobalSection(SolutionConfigurationPlatforms) = preSolution
		Debug|Any CPU = Debug|Any CPU
		Release|Any CPU = Release|Any CPU
	EndGlobalSection
	GlobalSection(ProjectConfigurationPlatforms) = postSolution
		{2A755B1A-CE99-41CA-9B4C-3E6AC6DA9847}.Debug|Any CPU.ActiveCfg = Debug|Any CPU
		{2A755B1A-CE99-41CA-9B4C-3E6AC6DA9847}.Debug|Any CPU.Build.0 = Debug|Any CPU
		{2A755B1A-CE99-41CA-9B4C-3E6AC6DA9847}.Release|Any CPU.ActiveCfg = Release|Any CPU
		{2A755B1A-CE99-41CA-9B4C-3E6AC6DA9847}.Release|Any CPU.Build.0 = Release|Any CPU
		{49CC36D7-45AB-421D-A3E4-44A094104BA5}.Debug|Any CPU.ActiveCfg = Debug|Any CPU
		{49CC36D7-45AB-421D-A3E4-44A094104BA5}.Debug|Any CPU.Build.0 = Debug|Any CPU
		{49CC36D7-45AB-421D-A3E4-44A094104BA5}.Release|Any CPU.ActiveCfg = Release|Any CPU
		{49CC36D7-45AB-421D-A3E4-44A094104BA5}.Release|Any CPU.Build.0 = Release|Any CPU
		{2EA4C2C6-0B1A-4D37-9BD9-46B7A25AAB03}.Debug|Any CPU.ActiveCfg = Debug|Any CPU
		{2EA4C2C6-0B1A-4D37-9BD9-46B7A25AAB03}.Debug|Any CPU.Build.0 = Debug|Any CPU
		{2EA4C2C6-0B1A-4D37-9BD9-46B7A25AAB03}.Release|Any CPU.ActiveCfg = Release|Any CPU
		{2EA4C2C6-0B1A-4D37-9BD9-46B7A25AAB03}.Release|Any CPU.Build.0 = Release|Any CPU
		{60D748AA-E51A-4F2F-A709-09911ED20209}.Debug|Any CPU.ActiveCfg = Debug|Any CPU
		{60D748AA-E51A-4F2F-A709-09911ED20209}.Debug|Any CPU.Build.0 = Debug|Any CPU
		{60D748AA-E51A-4F2F-A709-09911ED20209}.Release|Any CPU.ActiveCfg = Release|Any CPU
		{60D748AA-E51A-4F2F-A709-09911ED20209}.Release|Any CPU.Build.0 = Release|Any CPU
		{2735C85B-F03A-4CCE-AC7F-371CC82C327A}.Debug|Any CPU.ActiveCfg = Debug|Any CPU
		{2735C85B-F03A-4CCE-AC7F-371CC82C327A}.Debug|Any CPU.Build.0 = Debug|Any CPU
		{2735C85B-F03A-4CCE-AC7F-371CC82C327A}.Release|Any CPU.ActiveCfg = Release|Any CPU
		{2735C85B-F03A-4CCE-AC7F-371CC82C327A}.Release|Any CPU.Build.0 = Release|Any CPU
		{04364081-C48D-4AB7-B57E-0392768486ED}.Debug|Any CPU.ActiveCfg = Debug|Any CPU
		{04364081-C48D-4AB7-B57E-0392768486ED}.Debug|Any CPU.Build.0 = Debug|Any CPU
		{04364081-C48D-4AB7-B57E-0392768486ED}.Release|Any CPU.ActiveCfg = Release|Any CPU
		{04364081-C48D-4AB7-B57E-0392768486ED}.Release|Any CPU.Build.0 = Release|Any CPU
	EndGlobalSection
	GlobalSection(SolutionProperties) = preSolution
		HideSolutionNode = FALSE
	EndGlobalSection
	GlobalSection(ExtensibilityGlobals) = postSolution
		SolutionGuid = {1B9837D1-172C-4A0C-82D9-66DD1BE25BD2}
	EndGlobalSection
EndGlobal
