
Microsoft Visual Studio Solution File, Format Version 11.00
# Visual Studio 2010
Project("{FAE04EC0-301F-11D3-BF4B-00C04F79EFBC}") = "CannedBytes.Midi.Mapper", "CannedBytes.Midi.Mapper\CannedBytes.Midi.Mapper.csproj", "{53527B2A-5E77-4A30-9B13-D8F24CC0F7E8}"
EndProject
Project("{FAE04EC0-301F-11D3-BF4B-00C04F79EFBC}") = "CannedBytes.Midi.MidiFilePlayer", "CannedBytes.Midi.MidiFilePlayer\CannedBytes.Midi.MidiFilePlayer.csproj", "{B20B545B-6BB1-4C0C-BBDD-06E3E61CECA2}"
EndProject
Project("{FAE04EC0-301F-11D3-BF4B-00C04F79EFBC}") = "CannedBytes.Midi.MidiThruTestApp", "CannedBytes.Midi.MidiThruTestApp\CannedBytes.Midi.MidiThruTestApp\CannedBytes.Midi.MidiThruTestApp.csproj", "{A112EC0A-060D-42D5-A81B-2ADC418F0523}"
EndProject
Project("{8BC9CEB8-8B4A-11D0-8D11-00A0C91BC942}") = "CannedBytes.Midi.MidiThruTestAppCpp", "CannedBytes.Midi.MidiThruTestApp\CannedBytes.Midi.MidiThruTestAppCpp\CannedBytes.Midi.MidiThruTestAppCpp.vcxproj", "{65E4E08D-E50A-4D7D-BF8C-5327E5D342D1}"
EndProject
Project("{FAE04EC0-301F-11D3-BF4B-00C04F79EFBC}") = "CannedBytes.Midi.SysExUtil", "CannedBytes.Midi.SysExUtil\CannedBytes.Midi.SysExUtil.csproj", "{4C03296A-6192-4F9A-AEBF-99C9157FED55}"
EndProject
Global
	GlobalSection(TeamFoundationVersionControl) = preSolution
		SccNumberOfProjects = 6
		SccEnterpriseProvider = {4CA58AB2-18FA-4F8D-95D4-32DDF27D184C}
		SccTeamFoundationServer = https://tfs.codeplex.com/tfs/tfs01
		SccLocalPath0 = .
		SccProjectUniqueName1 = CannedBytes.Midi.Mapper\\CannedBytes.Midi.Mapper.csproj
		SccProjectName1 = CannedBytes.Midi.Mapper
		SccLocalPath1 = CannedBytes.Midi.Mapper
		SccProjectUniqueName2 = CannedBytes.Midi.MidiFilePlayer\\CannedBytes.Midi.MidiFilePlayer.csproj
		SccProjectName2 = CannedBytes.Midi.MidiFilePlayer
		SccLocalPath2 = CannedBytes.Midi.MidiFilePlayer
		SccProjectUniqueName3 = CannedBytes.Midi.MidiThruTestApp\\CannedBytes.Midi.MidiThruTestApp\\CannedBytes.Midi.MidiThruTestApp.csproj
		SccProjectName3 = CannedBytes.Midi.MidiThruTestApp/CannedBytes.Midi.MidiThruTestApp
		SccLocalPath3 = CannedBytes.Midi.MidiThruTestApp\\CannedBytes.Midi.MidiThruTestApp
		SccProjectUniqueName4 = CannedBytes.Midi.MidiThruTestApp\\CannedBytes.Midi.MidiThruTestAppCpp\\CannedBytes.Midi.MidiThruTestAppCpp.vcxproj
		SccProjectName4 = CannedBytes.Midi.MidiThruTestApp/CannedBytes.Midi.MidiThruTestAppCpp
		SccLocalPath4 = CannedBytes.Midi.MidiThruTestApp\\CannedBytes.Midi.MidiThruTestAppCpp
		SccProjectUniqueName5 = CannedBytes.Midi.SysExUtil\\CannedBytes.Midi.SysExUtil.csproj
		SccProjectName5 = CannedBytes.Midi.SysExUtil
		SccLocalPath5 = CannedBytes.Midi.SysExUtil
	EndGlobalSection
	GlobalSection(SolutionConfigurationPlatforms) = preSolution
		Debug|Any CPU = Debug|Any CPU
		Debug|Mixed Platforms = Debug|Mixed Platforms
		Debug|Win32 = Debug|Win32
		Debug|x86 = Debug|x86
		Release|Any CPU = Release|Any CPU
		Release|Mixed Platforms = Release|Mixed Platforms
		Release|Win32 = Release|Win32
		Release|x86 = Release|x86
	EndGlobalSection
	GlobalSection(ProjectConfigurationPlatforms) = postSolution
		{53527B2A-5E77-4A30-9B13-D8F24CC0F7E8}.Debug|Any CPU.ActiveCfg = Debug|Any CPU
		{53527B2A-5E77-4A30-9B13-D8F24CC0F7E8}.Debug|Any CPU.Build.0 = Debug|Any CPU
		{53527B2A-5E77-4A30-9B13-D8F24CC0F7E8}.Debug|Mixed Platforms.ActiveCfg = Debug|Any CPU
		{53527B2A-5E77-4A30-9B13-D8F24CC0F7E8}.Debug|Mixed Platforms.Build.0 = Debug|Any CPU
		{53527B2A-5E77-4A30-9B13-D8F24CC0F7E8}.Debug|Win32.ActiveCfg = Debug|Any CPU
		{53527B2A-5E77-4A30-9B13-D8F24CC0F7E8}.Debug|x86.ActiveCfg = Debug|Any CPU
		{53527B2A-5E77-4A30-9B13-D8F24CC0F7E8}.Release|Any CPU.ActiveCfg = Release|Any CPU
		{53527B2A-5E77-4A30-9B13-D8F24CC0F7E8}.Release|Any CPU.Build.0 = Release|Any CPU
		{53527B2A-5E77-4A30-9B13-D8F24CC0F7E8}.Release|Mixed Platforms.ActiveCfg = Release|Any CPU
		{53527B2A-5E77-4A30-9B13-D8F24CC0F7E8}.Release|Mixed Platforms.Build.0 = Release|Any CPU
		{53527B2A-5E77-4A30-9B13-D8F24CC0F7E8}.Release|Win32.ActiveCfg = Release|Any CPU
		{53527B2A-5E77-4A30-9B13-D8F24CC0F7E8}.Release|x86.ActiveCfg = Release|Any CPU
		{B20B545B-6BB1-4C0C-BBDD-06E3E61CECA2}.Debug|Any CPU.ActiveCfg = Debug|x86
		{B20B545B-6BB1-4C0C-BBDD-06E3E61CECA2}.Debug|Mixed Platforms.ActiveCfg = Debug|x86
		{B20B545B-6BB1-4C0C-BBDD-06E3E61CECA2}.Debug|Mixed Platforms.Build.0 = Debug|x86
		{B20B545B-6BB1-4C0C-BBDD-06E3E61CECA2}.Debug|Win32.ActiveCfg = Debug|x86
		{B20B545B-6BB1-4C0C-BBDD-06E3E61CECA2}.Debug|x86.ActiveCfg = Debug|x86
		{B20B545B-6BB1-4C0C-BBDD-06E3E61CECA2}.Debug|x86.Build.0 = Debug|x86
		{B20B545B-6BB1-4C0C-BBDD-06E3E61CECA2}.Release|Any CPU.ActiveCfg = Release|x86
		{B20B545B-6BB1-4C0C-BBDD-06E3E61CECA2}.Release|Mixed Platforms.ActiveCfg = Release|x86
		{B20B545B-6BB1-4C0C-BBDD-06E3E61CECA2}.Release|Mixed Platforms.Build.0 = Release|x86
		{B20B545B-6BB1-4C0C-BBDD-06E3E61CECA2}.Release|Win32.ActiveCfg = Release|x86
		{B20B545B-6BB1-4C0C-BBDD-06E3E61CECA2}.Release|x86.ActiveCfg = Release|x86
		{B20B545B-6BB1-4C0C-BBDD-06E3E61CECA2}.Release|x86.Build.0 = Release|x86
		{A112EC0A-060D-42D5-A81B-2ADC418F0523}.Debug|Any CPU.ActiveCfg = Debug|x86
		{A112EC0A-060D-42D5-A81B-2ADC418F0523}.Debug|Mixed Platforms.ActiveCfg = Debug|x86
		{A112EC0A-060D-42D5-A81B-2ADC418F0523}.Debug|Mixed Platforms.Build.0 = Debug|x86
		{A112EC0A-060D-42D5-A81B-2ADC418F0523}.Debug|Win32.ActiveCfg = Debug|x86
		{A112EC0A-060D-42D5-A81B-2ADC418F0523}.Debug|x86.ActiveCfg = Debug|x86
		{A112EC0A-060D-42D5-A81B-2ADC418F0523}.Debug|x86.Build.0 = Debug|x86
		{A112EC0A-060D-42D5-A81B-2ADC418F0523}.Release|Any CPU.ActiveCfg = Release|x86
		{A112EC0A-060D-42D5-A81B-2ADC418F0523}.Release|Mixed Platforms.ActiveCfg = Release|x86
		{A112EC0A-060D-42D5-A81B-2ADC418F0523}.Release|Mixed Platforms.Build.0 = Release|x86
		{A112EC0A-060D-42D5-A81B-2ADC418F0523}.Release|Win32.ActiveCfg = Release|x86
		{A112EC0A-060D-42D5-A81B-2ADC418F0523}.Release|x86.ActiveCfg = Release|x86
		{A112EC0A-060D-42D5-A81B-2ADC418F0523}.Release|x86.Build.0 = Release|x86
		{65E4E08D-E50A-4D7D-BF8C-5327E5D342D1}.Debug|Any CPU.ActiveCfg = Debug|Win32
		{65E4E08D-E50A-4D7D-BF8C-5327E5D342D1}.Debug|Mixed Platforms.ActiveCfg = Debug|Win32
		{65E4E08D-E50A-4D7D-BF8C-5327E5D342D1}.Debug|Mixed Platforms.Build.0 = Debug|Win32
		{65E4E08D-E50A-4D7D-BF8C-5327E5D342D1}.Debug|Win32.ActiveCfg = Debug|Win32
		{65E4E08D-E50A-4D7D-BF8C-5327E5D342D1}.Debug|Win32.Build.0 = Debug|Win32
		{65E4E08D-E50A-4D7D-BF8C-5327E5D342D1}.Debug|x86.ActiveCfg = Debug|Win32
		{65E4E08D-E50A-4D7D-BF8C-5327E5D342D1}.Release|Any CPU.ActiveCfg = Release|Win32
		{65E4E08D-E50A-4D7D-BF8C-5327E5D342D1}.Release|Mixed Platforms.ActiveCfg = Release|Win32
		{65E4E08D-E50A-4D7D-BF8C-5327E5D342D1}.Release|Mixed Platforms.Build.0 = Release|Win32
		{65E4E08D-E50A-4D7D-BF8C-5327E5D342D1}.Release|Win32.ActiveCfg = Release|Win32
		{65E4E08D-E50A-4D7D-BF8C-5327E5D342D1}.Release|Win32.Build.0 = Release|Win32
		{65E4E08D-E50A-4D7D-BF8C-5327E5D342D1}.Release|x86.ActiveCfg = Release|Win32
		{4C03296A-6192-4F9A-AEBF-99C9157FED55}.Debug|Any CPU.ActiveCfg = Debug|x86
		{4C03296A-6192-4F9A-AEBF-99C9157FED55}.Debug|Mixed Platforms.ActiveCfg = Debug|x86
		{4C03296A-6192-4F9A-AEBF-99C9157FED55}.Debug|Mixed Platforms.Build.0 = Debug|x86
		{4C03296A-6192-4F9A-AEBF-99C9157FED55}.Debug|Win32.ActiveCfg = Debug|x86
		{4C03296A-6192-4F9A-AEBF-99C9157FED55}.Debug|x86.ActiveCfg = Debug|x86
		{4C03296A-6192-4F9A-AEBF-99C9157FED55}.Debug|x86.Build.0 = Debug|x86
		{4C03296A-6192-4F9A-AEBF-99C9157FED55}.Release|Any CPU.ActiveCfg = Release|x86
		{4C03296A-6192-4F9A-AEBF-99C9157FED55}.Release|Mixed Platforms.ActiveCfg = Release|x86
		{4C03296A-6192-4F9A-AEBF-99C9157FED55}.Release|Mixed Platforms.Build.0 = Release|x86
		{4C03296A-6192-4F9A-AEBF-99C9157FED55}.Release|Win32.ActiveCfg = Release|x86
		{4C03296A-6192-4F9A-AEBF-99C9157FED55}.Release|x86.ActiveCfg = Release|x86
		{4C03296A-6192-4F9A-AEBF-99C9157FED55}.Release|x86.Build.0 = Release|x86
	EndGlobalSection
	GlobalSection(SolutionProperties) = preSolution
		HideSolutionNode = FALSE
	EndGlobalSection
EndGlobal
