
Microsoft Visual Studio Solution File, Format Version 11.00
# Visual Studio 2010
Project("{FAE04EC0-301F-11D3-BF4B-00C04F79EFBC}") = "CannedBytes", "..\CannedBytes\CannedBytes.csproj", "{0E918C72-D05F-45D2-A0A0-1271BEDC5FBC}"
EndProject
Project("{FAE04EC0-301F-11D3-BF4B-00C04F79EFBC}") = "CannedBytes.Midi", "..\CannedBytes.Midi\CannedBytes.Midi.csproj", "{D7E69414-107F-4F43-91B6-C9D742EB895C}"
EndProject
Project("{FAE04EC0-301F-11D3-BF4B-00C04F79EFBC}") = "CannedBytes.Midi.Message", "..\CannedBytes.Midi.Message\CannedBytes.Midi.Message.csproj", "{4FF6AE9B-9F4E-4BCF-83C6-DEBE8B260329}"
EndProject
Global
	GlobalSection(TeamFoundationVersionControl) = preSolution
		SccNumberOfProjects = 4
		SccEnterpriseProvider = {4CA58AB2-18FA-4F8D-95D4-32DDF27D184C}
		SccTeamFoundationServer = https://tfs.codeplex.com/tfs/tfs01
		SccProjectUniqueName0 = ..\\CannedBytes\\CannedBytes.csproj
		SccProjectName0 = ../CannedBytes
		SccLocalPath0 = ..\\CannedBytes
		SccProjectUniqueName1 = ..\\CannedBytes.Midi\\CannedBytes.Midi.csproj
		SccProjectName1 = ../CannedBytes.Midi
		SccLocalPath1 = ..\\CannedBytes.Midi
		SccProjectUniqueName2 = ..\\CannedBytes.Midi.Message\\CannedBytes.Midi.Message.csproj
		SccProjectName2 = ../CannedBytes.Midi.Message
		SccLocalPath2 = ..\\CannedBytes.Midi.Message
		SccLocalPath3 = .
	EndGlobalSection
	GlobalSection(SolutionConfigurationPlatforms) = preSolution
		Debug|Any CPU = Debug|Any CPU
		Release|Any CPU = Release|Any CPU
	EndGlobalSection
	GlobalSection(ProjectConfigurationPlatforms) = postSolution
		{0E918C72-D05F-45D2-A0A0-1271BEDC5FBC}.Debug|Any CPU.ActiveCfg = Debug|Any CPU
		{0E918C72-D05F-45D2-A0A0-1271BEDC5FBC}.Debug|Any CPU.Build.0 = Debug|Any CPU
		{0E918C72-D05F-45D2-A0A0-1271BEDC5FBC}.Release|Any CPU.ActiveCfg = Release|Any CPU
		{0E918C72-D05F-45D2-A0A0-1271BEDC5FBC}.Release|Any CPU.Build.0 = Release|Any CPU
		{D7E69414-107F-4F43-91B6-C9D742EB895C}.Debug|Any CPU.ActiveCfg = Debug|Any CPU
		{D7E69414-107F-4F43-91B6-C9D742EB895C}.Debug|Any CPU.Build.0 = Debug|Any CPU
		{D7E69414-107F-4F43-91B6-C9D742EB895C}.Release|Any CPU.ActiveCfg = Release|Any CPU
		{D7E69414-107F-4F43-91B6-C9D742EB895C}.Release|Any CPU.Build.0 = Release|Any CPU
		{4FF6AE9B-9F4E-4BCF-83C6-DEBE8B260329}.Debug|Any CPU.ActiveCfg = Debug|Any CPU
		{4FF6AE9B-9F4E-4BCF-83C6-DEBE8B260329}.Debug|Any CPU.Build.0 = Debug|Any CPU
		{4FF6AE9B-9F4E-4BCF-83C6-DEBE8B260329}.Release|Any CPU.ActiveCfg = Release|Any CPU
		{4FF6AE9B-9F4E-4BCF-83C6-DEBE8B260329}.Release|Any CPU.Build.0 = Release|Any CPU
	EndGlobalSection
	GlobalSection(SolutionProperties) = preSolution
		HideSolutionNode = FALSE
	EndGlobalSection
EndGlobal
