
Microsoft Visual Studio Solution File, Format Version 11.00
# Visual Studio 2010
Project("{FAE04EC0-301F-11D3-BF4B-00C04F79EFBC}") = "CannedBytes.Midi.Mapper", "CannedBytes.Midi.Mapper.csproj", "{53527B2A-5E77-4A30-9B13-D8F24CC0F7E8}"
EndProject
Global
	GlobalSection(TeamFoundationVersionControl) = preSolution
		SccNumberOfProjects = 2
		SccEnterpriseProvider = {4CA58AB2-18FA-4F8D-95D4-32DDF27D184C}
		SccTeamFoundationServer = https://tfs.codeplex.com/tfs/tfs01
		SccLocalPath0 = .
		SccProjectUniqueName1 = CannedBytes.Midi.Mapper.csproj
		SccLocalPath1 = .
	EndGlobalSection
	GlobalSection(SolutionConfigurationPlatforms) = preSolution
		Debug|Any CPU = Debug|Any CPU
		Release|Any CPU = Release|Any CPU
	EndGlobalSection
	GlobalSection(ProjectConfigurationPlatforms) = postSolution
		{53527B2A-5E77-4A30-9B13-D8F24CC0F7E8}.Debug|Any CPU.ActiveCfg = Debug|Any CPU
		{53527B2A-5E77-4A30-9B13-D8F24CC0F7E8}.Debug|Any CPU.Build.0 = Debug|Any CPU
		{53527B2A-5E77-4A30-9B13-D8F24CC0F7E8}.Release|Any CPU.ActiveCfg = Release|Any CPU
		{53527B2A-5E77-4A30-9B13-D8F24CC0F7E8}.Release|Any CPU.Build.0 = Release|Any CPU
	EndGlobalSection
	GlobalSection(SolutionProperties) = preSolution
		HideSolutionNode = FALSE
	EndGlobalSection
EndGlobal
